
Microsoft Visual Studio Solution File, Format Version 10.00
# Visual Studio 2008
Project("{F184B08F-C81C-45F6-A57F-5ABD9991F28F}") = "SilverlightApplicationWithASP.NET", "SilverlightApplicationWithASP.NET.vbproj", "{224D2E4E-2000-466A-BAE7-C4DB5BFB01A4}"
EndProject
Project("{F184B08F-C81C-45F6-A57F-5ABD9991F28F}") = "SilverlightApplicationWithASP.NET_Web", "..\SilverlightApplicationWithASP.NET_Web\SilverlightApplicationWithASP.NET_Web.vbproj", "{D2A7927F-A7DB-4BF6-BD5E-1CC4A72EB249}"
EndProject
Global
	GlobalSection(SolutionConfigurationPlatforms) = preSolution
		Debug|Any CPU = Debug|Any CPU
		Release|Any CPU = Release|Any CPU
	EndGlobalSection
	GlobalSection(ProjectConfigurationPlatforms) = postSolution
		{224D2E4E-2000-466A-BAE7-C4DB5BFB01A4}.Debug|Any CPU.ActiveCfg = Debug|Any CPU
		{224D2E4E-2000-466A-BAE7-C4DB5BFB01A4}.Debug|Any CPU.Build.0 = Debug|Any CPU
		{224D2E4E-2000-466A-BAE7-C4DB5BFB01A4}.Release|Any CPU.ActiveCfg = Release|Any CPU
		{224D2E4E-2000-466A-BAE7-C4DB5BFB01A4}.Release|Any CPU.Build.0 = Release|Any CPU
		{D2A7927F-A7DB-4BF6-BD5E-1CC4A72EB249}.Debug|Any CPU.ActiveCfg = Debug|Any CPU
		{D2A7927F-A7DB-4BF6-BD5E-1CC4A72EB249}.Debug|Any CPU.Build.0 = Debug|Any CPU
		{D2A7927F-A7DB-4BF6-BD5E-1CC4A72EB249}.Release|Any CPU.ActiveCfg = Release|Any CPU
		{D2A7927F-A7DB-4BF6-BD5E-1CC4A72EB249}.Release|Any CPU.Build.0 = Release|Any CPU
	EndGlobalSection
	GlobalSection(SolutionProperties) = preSolution
		HideSolutionNode = FALSE
	EndGlobalSection
EndGlobal
