
Microsoft Visual Studio Solution File, Format Version 10.00
# Visual Studio 2008
Project("{F184B08F-C81C-45F6-A57F-5ABD9991F28F}") = "DependencyProperties", "DependencyProperties.vbproj", "{E54E07CF-169A-4413-9000-344653F04016}"
EndProject
Global
	GlobalSection(SolutionConfigurationPlatforms) = preSolution
		Debug|Any CPU = Debug|Any CPU
		Release|Any CPU = Release|Any CPU
	EndGlobalSection
	GlobalSection(ProjectConfigurationPlatforms) = postSolution
		{E54E07CF-169A-4413-9000-344653F04016}.Debug|Any CPU.ActiveCfg = Debug|Any CPU
		{E54E07CF-169A-4413-9000-344653F04016}.Debug|Any CPU.Build.0 = Debug|Any CPU
		{E54E07CF-169A-4413-9000-344653F04016}.Release|Any CPU.ActiveCfg = Release|Any CPU
		{E54E07CF-169A-4413-9000-344653F04016}.Release|Any CPU.Build.0 = Release|Any CPU
	EndGlobalSection
	GlobalSection(SolutionProperties) = preSolution
		HideSolutionNode = FALSE
	EndGlobalSection
EndGlobal
