
Microsoft Visual Studio Solution File, Format Version 10.00
# Visual Studio 2008
Project("{F184B08F-C81C-45F6-A57F-5ABD9991F28F}") = "Layout", "Layout.vbproj", "{7BEB751A-5A9A-4C46-B527-3DB02EA4B282}"
EndProject
Global
	GlobalSection(SolutionConfigurationPlatforms) = preSolution
		Debug|Any CPU = Debug|Any CPU
		Release|Any CPU = Release|Any CPU
	EndGlobalSection
	GlobalSection(ProjectConfigurationPlatforms) = postSolution
		{7BEB751A-5A9A-4C46-B527-3DB02EA4B282}.Debug|Any CPU.ActiveCfg = Debug|Any CPU
		{7BEB751A-5A9A-4C46-B527-3DB02EA4B282}.Debug|Any CPU.Build.0 = Debug|Any CPU
		{7BEB751A-5A9A-4C46-B527-3DB02EA4B282}.Release|Any CPU.ActiveCfg = Release|Any CPU
		{7BEB751A-5A9A-4C46-B527-3DB02EA4B282}.Release|Any CPU.Build.0 = Release|Any CPU
	EndGlobalSection
	GlobalSection(SolutionProperties) = preSolution
		HideSolutionNode = FALSE
	EndGlobalSection
EndGlobal
