
Microsoft Visual Studio Solution File, Format Version 10.00
# Visual Studio 2008
Project("{F184B08F-C81C-45F6-A57F-5ABD9991F28F}") = "Multithreading", "Multithreading.vbproj", "{4191CD36-F779-4F39-97C8-2A3A4FA79D72}"
EndProject
Global
	GlobalSection(SolutionConfigurationPlatforms) = preSolution
		Debug|Any CPU = Debug|Any CPU
		Release|Any CPU = Release|Any CPU
	EndGlobalSection
	GlobalSection(ProjectConfigurationPlatforms) = postSolution
		{4191CD36-F779-4F39-97C8-2A3A4FA79D72}.Debug|Any CPU.ActiveCfg = Debug|Any CPU
		{4191CD36-F779-4F39-97C8-2A3A4FA79D72}.Debug|Any CPU.Build.0 = Debug|Any CPU
		{4191CD36-F779-4F39-97C8-2A3A4FA79D72}.Release|Any CPU.ActiveCfg = Release|Any CPU
		{4191CD36-F779-4F39-97C8-2A3A4FA79D72}.Release|Any CPU.Build.0 = Release|Any CPU
	EndGlobalSection
	GlobalSection(SolutionProperties) = preSolution
		HideSolutionNode = FALSE
	EndGlobalSection
EndGlobal
